
Microsoft Visual Studio Solution File, Format Version 12.00
# Visual Studio Version 17
VisualStudioVersion = 17.4.33403.182
MinimumVisualStudioVersion = 10.0.40219.1
Project("{FAE04EC0-301F-11D3-BF4B-00C04F79EFBC}") = "FromWebFormToJson", "FromWebFormToJson\FromWebFormToJson.csproj", "{1C7AA564-69F0-4A3B-B705-C89B931B68A5}"
EndProject
Global
	GlobalSection(SolutionConfigurationPlatforms) = preSolution
		Debug|Any CPU = Debug|Any CPU
		Release|Any CPU = Release|Any CPU
	EndGlobalSection
	GlobalSection(ProjectConfigurationPlatforms) = postSolution
		{1C7AA564-69F0-4A3B-B705-C89B931B68A5}.Debug|Any CPU.ActiveCfg = Debug|Any CPU
		{1C7AA564-69F0-4A3B-B705-C89B931B68A5}.Debug|Any CPU.Build.0 = Debug|Any CPU
		{1C7AA564-69F0-4A3B-B705-C89B931B68A5}.Release|Any CPU.ActiveCfg = Release|Any CPU
		{1C7AA564-69F0-4A3B-B705-C89B931B68A5}.Release|Any CPU.Build.0 = Release|Any CPU
	EndGlobalSection
	GlobalSection(SolutionProperties) = preSolution
		HideSolutionNode = FALSE
	EndGlobalSection
	GlobalSection(ExtensibilityGlobals) = postSolution
		SolutionGuid = {183F9674-910C-4154-8E86-9AF95911F3B4}
	EndGlobalSection
EndGlobal
